
Microsoft Visual Studio Solution File, Format Version 12.00
# Visual Studio Version 17
VisualStudioVersion = 17.0.31903.59
MinimumVisualStudioVersion = 10.0.40219.1
Project("{FAE04EC0-301F-11D3-BF4B-00C04F79EFBC}") = "SSOReady.Client", "SSOReady.Client\SSOReady.Client.csproj", "{60F917C6-667D-4039-90D6-A13B011E4174}"
EndProject
Project("{FAE04EC0-301F-11D3-BF4B-00C04F79EFBC}") = "SSOReady.Client.Test", "SSOReady.Client.Test\SSOReady.Client.Test.csproj", "{01E47CD7-423F-4137-BB58-A7DFF81D796C}"
EndProject
Global
	GlobalSection(SolutionConfigurationPlatforms) = preSolution
		Debug|Any CPU = Debug|Any CPU
		Release|Any CPU = Release|Any CPU
	EndGlobalSection
	GlobalSection(SolutionProperties) = preSolution
		HideSolutionNode = FALSE
	EndGlobalSection
	GlobalSection(ProjectConfigurationPlatforms) = postSolution
		{60F917C6-667D-4039-90D6-A13B011E4174}.Debug|Any CPU.ActiveCfg = Debug|Any CPU
		{60F917C6-667D-4039-90D6-A13B011E4174}.Debug|Any CPU.Build.0 = Debug|Any CPU
		{60F917C6-667D-4039-90D6-A13B011E4174}.Release|Any CPU.ActiveCfg = Release|Any CPU
		{60F917C6-667D-4039-90D6-A13B011E4174}.Release|Any CPU.Build.0 = Release|Any CPU
		{01E47CD7-423F-4137-BB58-A7DFF81D796C}.Debug|Any CPU.ActiveCfg = Debug|Any CPU
		{01E47CD7-423F-4137-BB58-A7DFF81D796C}.Debug|Any CPU.Build.0 = Debug|Any CPU
		{01E47CD7-423F-4137-BB58-A7DFF81D796C}.Release|Any CPU.ActiveCfg = Release|Any CPU
		{01E47CD7-423F-4137-BB58-A7DFF81D796C}.Release|Any CPU.Build.0 = Release|Any CPU
	EndGlobalSection
EndGlobal
